
Microsoft Visual Studio Solution File, Format Version 12.00
# Visual Studio Version 16
VisualStudioVersion = 16.0.31205.134
MinimumVisualStudioVersion = 10.0.40219.1
Project("{FAE04EC0-301F-11D3-BF4B-00C04F79EFBC}") = "FormPembayaran", "FormPembayaran.csproj", "{B0D7FB3E-AAE6-4D07-87E1-B5C1C1AECEF0}"
EndProject
Project("{FAE04EC0-301F-11D3-BF4B-00C04F79EFBC}") = "History", "..\History\History.csproj", "{6D238C71-1571-453C-9831-56342BAE4B7C}"
EndProject
Global
	GlobalSection(SolutionConfigurationPlatforms) = preSolution
		Debug|Any CPU = Debug|Any CPU
		Release|Any CPU = Release|Any CPU
	EndGlobalSection
	GlobalSection(ProjectConfigurationPlatforms) = postSolution
		{B0D7FB3E-AAE6-4D07-87E1-B5C1C1AECEF0}.Debug|Any CPU.ActiveCfg = Debug|Any CPU
		{B0D7FB3E-AAE6-4D07-87E1-B5C1C1AECEF0}.Debug|Any CPU.Build.0 = Debug|Any CPU
		{B0D7FB3E-AAE6-4D07-87E1-B5C1C1AECEF0}.Release|Any CPU.ActiveCfg = Release|Any CPU
		{B0D7FB3E-AAE6-4D07-87E1-B5C1C1AECEF0}.Release|Any CPU.Build.0 = Release|Any CPU
		{6D238C71-1571-453C-9831-56342BAE4B7C}.Debug|Any CPU.ActiveCfg = Debug|Any CPU
		{6D238C71-1571-453C-9831-56342BAE4B7C}.Debug|Any CPU.Build.0 = Debug|Any CPU
		{6D238C71-1571-453C-9831-56342BAE4B7C}.Release|Any CPU.ActiveCfg = Release|Any CPU
		{6D238C71-1571-453C-9831-56342BAE4B7C}.Release|Any CPU.Build.0 = Release|Any CPU
	EndGlobalSection
	GlobalSection(SolutionProperties) = preSolution
		HideSolutionNode = FALSE
	EndGlobalSection
	GlobalSection(ExtensibilityGlobals) = postSolution
		SolutionGuid = {1E6FDA7E-BAE3-48BC-A882-34FD43F15067}
	EndGlobalSection
EndGlobal
