
Microsoft Visual Studio Solution File, Format Version 12.00
# Visual Studio Version 16
VisualStudioVersion = 16.0.31019.35
MinimumVisualStudioVersion = 10.0.40219.1
Project("{FAE04EC0-301F-11D3-BF4B-00C04F79EFBC}") = "setUP_main", "setUP_main.csproj", "{4AA3EE83-BDB2-4A76-B5AA-BEED3022D1B3}"
EndProject
Project("{FAE04EC0-301F-11D3-BF4B-00C04F79EFBC}") = "FormPembayaran", "..\FormPembayaran\FormPembayaran.csproj", "{B0D7FB3E-AAE6-4D07-87E1-B5C1C1AECEF0}"
EndProject
Global
	GlobalSection(SolutionConfigurationPlatforms) = preSolution
		Debug|Any CPU = Debug|Any CPU
		Release|Any CPU = Release|Any CPU
	EndGlobalSection
	GlobalSection(ProjectConfigurationPlatforms) = postSolution
		{4AA3EE83-BDB2-4A76-B5AA-BEED3022D1B3}.Debug|Any CPU.ActiveCfg = Debug|Any CPU
		{4AA3EE83-BDB2-4A76-B5AA-BEED3022D1B3}.Debug|Any CPU.Build.0 = Debug|Any CPU
		{4AA3EE83-BDB2-4A76-B5AA-BEED3022D1B3}.Release|Any CPU.ActiveCfg = Release|Any CPU
		{4AA3EE83-BDB2-4A76-B5AA-BEED3022D1B3}.Release|Any CPU.Build.0 = Release|Any CPU
		{B0D7FB3E-AAE6-4D07-87E1-B5C1C1AECEF0}.Debug|Any CPU.ActiveCfg = Debug|Any CPU
		{B0D7FB3E-AAE6-4D07-87E1-B5C1C1AECEF0}.Debug|Any CPU.Build.0 = Debug|Any CPU
		{B0D7FB3E-AAE6-4D07-87E1-B5C1C1AECEF0}.Release|Any CPU.ActiveCfg = Release|Any CPU
		{B0D7FB3E-AAE6-4D07-87E1-B5C1C1AECEF0}.Release|Any CPU.Build.0 = Release|Any CPU
	EndGlobalSection
	GlobalSection(SolutionProperties) = preSolution
		HideSolutionNode = FALSE
	EndGlobalSection
	GlobalSection(ExtensibilityGlobals) = postSolution
		SolutionGuid = {ED8AE6EA-DA4D-4F32-A4E4-3ADEBDC6779E}
	EndGlobalSection
EndGlobal
